
Microsoft Visual Studio Solution File, Format Version 12.00
# Visual Studio Version 17
VisualStudioVersion = 17.3.32922.545
MinimumVisualStudioVersion = 10.0.40219.1
Project("{FAE04EC0-301F-11D3-BF4B-00C04F79EFBC}") = "GerarQrCodePix", "GerarQrCodePix\GerarQrCodePix.csproj", "{B1714534-9A29-4E07-A4D6-B1E008800F68}"
EndProject
Global
	GlobalSection(SolutionConfigurationPlatforms) = preSolution
		Debug|Any CPU = Debug|Any CPU
		Release|Any CPU = Release|Any CPU
	EndGlobalSection
	GlobalSection(ProjectConfigurationPlatforms) = postSolution
		{B1714534-9A29-4E07-A4D6-B1E008800F68}.Debug|Any CPU.ActiveCfg = Debug|Any CPU
		{B1714534-9A29-4E07-A4D6-B1E008800F68}.Debug|Any CPU.Build.0 = Debug|Any CPU
		{B1714534-9A29-4E07-A4D6-B1E008800F68}.Release|Any CPU.ActiveCfg = Release|Any CPU
		{B1714534-9A29-4E07-A4D6-B1E008800F68}.Release|Any CPU.Build.0 = Release|Any CPU
	EndGlobalSection
	GlobalSection(SolutionProperties) = preSolution
		HideSolutionNode = FALSE
	EndGlobalSection
	GlobalSection(ExtensibilityGlobals) = postSolution
		SolutionGuid = {A4864FB1-5ABF-4E6B-984C-15DBCC9D24C9}
	EndGlobalSection
EndGlobal
